# THIS IS AN AUTOGENERATED FILE. DO NOT EDIT THIS FILE DIRECTLY.
# yarn lockfile v1


"@types/carbon-components-react@^7.31.0":
  "integrity" "sha512-2G5QiahijJo9z4wLQvIzlPp8O8MG6Z5IblVQQP0l3hAG0j9/gUKUMwRENXZSGk3OS2giF7IxNGeU4GMEXdrqDg=="
  "resolved" "https://registry.npmjs.org/@types/carbon-components-react/-/carbon-components-react-7.31.0.tgz"
  "version" "7.31.0"
  dependencies:
    "@types/react" "*"
    "flatpickr" "4.6.1"

"@types/prop-types@*":
  "integrity" "sha512-KfRL3PuHmqQLOG+2tGpRO26Ctg+Cq1E01D2DMriKEATHgWLfeNDmq9e29Q9WIky0dQ3NPkd1mzYH8Lm936Z9qw=="
  "resolved" "https://registry.npmjs.org/@types/prop-types/-/prop-types-15.7.3.tgz"
  "version" "15.7.3"

"@types/react@*":
  "integrity" "sha512-wYOUxIgs2HZZ0ACNiIayItyluADNbONl7kt8lkLjVK8IitMH5QMyAh75Fwhmo37r1m7L2JaFj03sIfxBVDvRAg=="
  "resolved" "https://registry.npmjs.org/@types/react/-/react-17.0.3.tgz"
  "version" "17.0.3"
  dependencies:
    "@types/prop-types" "*"
    "@types/scheduler" "*"
    "csstype" "^3.0.2"

"@types/scheduler@*":
  "integrity" "sha512-EaCxbanVeyxDRTQBkdLb3Bvl/HK7PBK6UJjsSixB0iHKoWxE5uu2Q/DgtpOhPIojN0Zl1whvOd7PoHs2P0s5eA=="
  "resolved" "https://registry.npmjs.org/@types/scheduler/-/scheduler-0.16.1.tgz"
  "version" "0.16.1"

"csstype@^3.0.2":
  "integrity" "sha512-jXKhWqXPmlUeoQnF/EhTtTl4C9SnrxSH/jZUih3jmO6lBKr99rP3/+FmrMj4EFpOXzMtXHAZkd3x0E6h6Fgflw=="
  "resolved" "https://registry.npmjs.org/csstype/-/csstype-3.0.8.tgz"
  "version" "3.0.8"

"flatpickr@4.6.1":
  "integrity" "sha512-3ULSxbXmcMIRzer/2jLNweoqHpwDvsjEawO2FUd9UFR8uPwLM+LruZcPDpuZStcEgbQKhuFOfXo4nYdGladSNw=="
  "resolved" "https://registry.npmjs.org/flatpickr/-/flatpickr-4.6.1.tgz"
  "version" "4.6.1"
